
Microsoft Visual Studio Solution File, Format Version 12.00
Project("{FAE04EC0-301F-11D3-BF4B-00C04F79EFBC}") = "HamedStack.FluentAssertions", "HamedStack.FluentAssertions\HamedStack.FluentAssertions.csproj", "{66AE2B44-546D-4292-A34B-C9986D2B6742}"
EndProject
Global
	GlobalSection(SolutionConfigurationPlatforms) = preSolution
		Debug|Any CPU = Debug|Any CPU
		Release|Any CPU = Release|Any CPU
	EndGlobalSection
	GlobalSection(ProjectConfigurationPlatforms) = postSolution
		{66AE2B44-546D-4292-A34B-C9986D2B6742}.Debug|Any CPU.ActiveCfg = Debug|Any CPU
		{66AE2B44-546D-4292-A34B-C9986D2B6742}.Debug|Any CPU.Build.0 = Debug|Any CPU
		{66AE2B44-546D-4292-A34B-C9986D2B6742}.Release|Any CPU.ActiveCfg = Release|Any CPU
		{66AE2B44-546D-4292-A34B-C9986D2B6742}.Release|Any CPU.Build.0 = Release|Any CPU
	EndGlobalSection
EndGlobal
